// !$*UTF8*$!
{
	archiveVersion = 1;
	classes = {
	};
	objectVersion = 52;
	objects = {

/* Begin PBXBuildFile section */
		2D60E87EAB6A41ABE8FBA999 /* Pods_AnimojiStudio.framework in Frameworks */ = {isa = PBXBuildFile; fileRef = 4E46C06DB54CEA7E7E67B376 /* Pods_AnimojiStudio.framework */; };
		360720F9262E57BE0080B767 /* ARViewController.swift in Sources */ = {isa = PBXBuildFile; fileRef = 360720F8262E57BE0080B767 /* ARViewController.swift */; };
		3639CF6E2633BD0D002569DB /* GoogleService-Info.plist in Resources */ = {isa = PBXBuildFile; fileRef = 3639CF6D2633BD0D002569DB /* GoogleService-Info.plist */; };
		3639CF722633BF90002569DB /* BuildFile in Frameworks */ = {isa = PBXBuildFile; productRef = 3639CF712633BF90002569DB /* SwiftPackageProductDependency */; };
		3639CF742633BF90002569DB /* BuildFile in Frameworks */ = {isa = PBXBuildFile; productRef = 3639CF732633BF90002569DB /* SwiftPackageProductDependency */; };
		3639CF762633BF90002569DB /* BuildFile in Frameworks */ = {isa = PBXBuildFile; productRef = 3639CF752633BF90002569DB /* SwiftPackageProductDependency */; };
		3639CF7B2633CEE7002569DB /* FirebaseAuthService.swift in Sources */ = {isa = PBXBuildFile; fileRef = 3639CF7A2633CEE6002569DB /* FirebaseAuthService.swift */; };
		36AB67742632987B00CF072D /* MapViewController.swift in Sources */ = {isa = PBXBuildFile; fileRef = 36AB67732632987B00CF072D /* MapViewController.swift */; };
		36BB0204262FEA9300C0F926 /* AppDelegate.swift in Sources */ = {isa = PBXBuildFile; fileRef = 36BB0203262FEA9300C0F926 /* AppDelegate.swift */; };
		36BB0207262FEB1C00C0F926 /* Main.storyboard in Resources */ = {isa = PBXBuildFile; fileRef = 36BB0206262FEB1C00C0F926 /* Main.storyboard */; };
		36BB020A262FEB2400C0F926 /* LaunchScreen.storyboard in Resources */ = {isa = PBXBuildFile; fileRef = 36BB0209262FEB2400C0F926 /* LaunchScreen.storyboard */; };
		36BB0210262FEDBD00C0F926 /* Recording.mov in Resources */ = {isa = PBXBuildFile; fileRef = 36BB020F262FEDBD00C0F926 /* Recording.mov */; };
		36BB0216262FEE9200C0F926 /* InitialViewController.swift in Sources */ = {isa = PBXBuildFile; fileRef = 36BB0215262FEE9200C0F926 /* InitialViewController.swift */; };
		36CF7AF2263E34E600A76E6E /* shootingStar.gif in Resources */ = {isa = PBXBuildFile; fileRef = 36CF7AF1263E34E600A76E6E /* shootingStar.gif */; };
		36CF7AF5263E55E600A76E6E /* NavigationBarHide.swift in Sources */ = {isa = PBXBuildFile; fileRef = 36CF7AF4263E55E600A76E6E /* NavigationBarHide.swift */; };
		36CF7AFD263E607400A76E6E /* FirestoreUserService.swift in Sources */ = {isa = PBXBuildFile; fileRef = 36CF7AFC263E607400A76E6E /* FirestoreUserService.swift */; };
		36CF7B00263E877E00A76E6E /* UserInfoViewController.swift in Sources */ = {isa = PBXBuildFile; fileRef = 36CF7AFF263E877E00A76E6E /* UserInfoViewController.swift */; };
		36CF7B06263F20F100A76E6E /* HideKeyboardOnScreenTapViewController.swift in Sources */ = {isa = PBXBuildFile; fileRef = 36CF7B05263F20F100A76E6E /* HideKeyboardOnScreenTapViewController.swift */; };
		36CF7B0A263F297500A76E6E /* ShowsErrorHideKeyboardGIFBackgroundViewController.swift in Sources */ = {isa = PBXBuildFile; fileRef = 36CF7B09263F297500A76E6E /* ShowsErrorHideKeyboardGIFBackgroundViewController.swift */; };
		36CF7B0D263F29F100A76E6E /* CanShowErrorProtocol1.swift in Sources */ = {isa = PBXBuildFile; fileRef = 36CF7B0C263F29F100A76E6E /* CanShowErrorProtocol1.swift */; };
		36CF7B14263F434E00A76E6E /* LoadingViewController.swift in Sources */ = {isa = PBXBuildFile; fileRef = 36CF7B13263F434E00A76E6E /* LoadingViewController.swift */; };
		36D2384F264068470070DFCD /* SCSDKLoginKit.xcframework in Frameworks */ = {isa = PBXBuildFile; fileRef = 36CF7B1C263F530200A76E6E /* SCSDKLoginKit.xcframework */; };
		36D23852264068480070DFCD /* SCSDKCoreKit.xcframework in Frameworks */ = {isa = PBXBuildFile; fileRef = 36CF7B1B263F530200A76E6E /* SCSDKCoreKit.xcframework */; };
		36D2386D2640B45E0070DFCD /* MainTabBarViewController.swift in Sources */ = {isa = PBXBuildFile; fileRef = 36D2386C2640B45E0070DFCD /* MainTabBarViewController.swift */; };
		36D238702640BA040070DFCD /* UITabBarTransparentExtension.swift in Sources */ = {isa = PBXBuildFile; fileRef = 36D2386F2640BA040070DFCD /* UITabBarTransparentExtension.swift */; };
		36D238752640BD3A0070DFCD /* LeaveMessageViewController.swift in Sources */ = {isa = PBXBuildFile; fileRef = 36D238742640BD3A0070DFCD /* LeaveMessageViewController.swift */; };
		36D2387E2640CA0A0070DFCD /* FirestoreVideoUploadServicee.swift in Sources */ = {isa = PBXBuildFile; fileRef = 36D2387D2640CA0A0070DFCD /* FirestoreVideoUploadServicee.swift */; };
		36D238882641107F0070DFCD /* Message.swift in Sources */ = {isa = PBXBuildFile; fileRef = 36D238872641107F0070DFCD /* Message.swift */; };
		36DDFD6A2631459100A2A8F7 /* SignUpViewController.swift in Sources */ = {isa = PBXBuildFile; fileRef = 36DDFD692631459100A2A8F7 /* SignUpViewController.swift */; };
		36DDFD79263169AA00A2A8F7 /* Background.gif in Resources */ = {isa = PBXBuildFile; fileRef = 36DDFD78263169AA00A2A8F7 /* Background.gif */; };
		36DDFD7C26316BCF00A2A8F7 /* UIImageGifExtension.swift in Sources */ = {isa = PBXBuildFile; fileRef = 36DDFD7B26316BCF00A2A8F7 /* UIImageGifExtension.swift */; };
		36DDFD802631719300A2A8F7 /* Background2.gif in Resources */ = {isa = PBXBuildFile; fileRef = 36DDFD7F2631719300A2A8F7 /* Background2.gif */; };
		36DDFD842631732900A2A8F7 /* GifBackgroundViewController.swift in Sources */ = {isa = PBXBuildFile; fileRef = 36DDFD832631732900A2A8F7 /* GifBackgroundViewController.swift */; };
		DD1D03BC1FBB0AB2006A47A6 /* ARConfiguration+Overrides.m in Sources */ = {isa = PBXBuildFile; fileRef = DD1D03BB1FBB0AB2006A47A6 /* ARConfiguration+Overrides.m */; settings = {COMPILER_FLAGS = "-w"; }; };
		DD7135AF1FBB86E800AAA5E7 /* ASColorWell.m in Sources */ = {isa = PBXBuildFile; fileRef = DD7135AE1FBB86E800AAA5E7 /* ASColorWell.m */; };
		DD7135DD1FBB99E900AAA5E7 /* ColorSheetPresentationController.m in Sources */ = {isa = PBXBuildFile; fileRef = DD7135DA1FBB99E900AAA5E7 /* ColorSheetPresentationController.m */; };
		DD7135DE1FBB99E900AAA5E7 /* ColorSheetViewController.m in Sources */ = {isa = PBXBuildFile; fileRef = DD7135DC1FBB99E900AAA5E7 /* ColorSheetViewController.m */; };
		DD7135E41FBBDA9100AAA5E7 /* SpotifyAudioPlayback.framework in Frameworks */ = {isa = PBXBuildFile; fileRef = DD7135E21FBBDA8400AAA5E7 /* SpotifyAudioPlayback.framework */; };
		DD7135E51FBBDA9400AAA5E7 /* SpotifyAuthentication.framework in Frameworks */ = {isa = PBXBuildFile; fileRef = DD7135E11FBBDA8400AAA5E7 /* SpotifyAuthentication.framework */; };
		DD7135E61FBBDA9800AAA5E7 /* SpotifyMetadata.framework in Frameworks */ = {isa = PBXBuildFile; fileRef = DD7135E31FBBDA8500AAA5E7 /* SpotifyMetadata.framework */; };
		DD7135E91FBBDACD00AAA5E7 /* SpotifyCoordinator.m in Sources */ = {isa = PBXBuildFile; fileRef = DD7135E81FBBDACD00AAA5E7 /* SpotifyCoordinator.m */; };
		DD7135ED1FBBE62900AAA5E7 /* KaraokeFlowController.m in Sources */ = {isa = PBXBuildFile; fileRef = DD7135EC1FBBE62900AAA5E7 /* KaraokeFlowController.m */; };
		DD7135F01FBBE68300AAA5E7 /* SpotifySearchViewController.m in Sources */ = {isa = PBXBuildFile; fileRef = DD7135EF1FBBE68300AAA5E7 /* SpotifySearchViewController.m */; };
		DD7135F31FBC86D800AAA5E7 /* SongTableViewCell.m in Sources */ = {isa = PBXBuildFile; fileRef = DD7135F21FBC86D800AAA5E7 /* SongTableViewCell.m */; };
		DDA31AD0212703B80058B989 /* AvatarSelectionFlowController.m in Sources */ = {isa = PBXBuildFile; fileRef = DDA31ACF212703B80058B989 /* AvatarSelectionFlowController.m */; };
		DDA31AD3212707910058B989 /* WelcomeViewController.m in Sources */ = {isa = PBXBuildFile; fileRef = DDA31AD2212707910058B989 /* WelcomeViewController.m */; };
		DDA31AD8212709170058B989 /* BigButton.m in Sources */ = {isa = PBXBuildFile; fileRef = DDA31AD7212709170058B989 /* BigButton.m */; };
		DDA31ADB212718760058B989 /* MemojiSelectionViewController.m in Sources */ = {isa = PBXBuildFile; fileRef = DDA31ADA212718760058B989 /* MemojiSelectionViewController.m */; };
		DDCE6C9F1FB87117000EAE11 /* RecordingCoordinator.m in Sources */ = {isa = PBXBuildFile; fileRef = DDCE6C9E1FB87117000EAE11 /* RecordingCoordinator.m */; };
		DDCE6CA61FB8C615000EAE11 /* RecordingStatusViewController.m in Sources */ = {isa = PBXBuildFile; fileRef = DDCE6CA51FB8C615000EAE11 /* RecordingStatusViewController.m */; };
		DDCE6CAA1FB8D9EF000EAE11 /* SharingFlowController.m in Sources */ = {isa = PBXBuildFile; fileRef = DDCE6CA91FB8D9EF000EAE11 /* SharingFlowController.m */; };
		DDCE6CAD1FB8DAB8000EAE11 /* VideoPreviewViewController.m in Sources */ = {isa = PBXBuildFile; fileRef = DDCE6CAC1FB8DAB8000EAE11 /* VideoPreviewViewController.m */; };
		DDDBBBEB1FB7917F00291D45 /* AppDelegate.m in Sources */ = {isa = PBXBuildFile; fileRef = DDDBBBEA1FB7917F00291D45 /* AppDelegate.m */; };
		DDDBBBEE1FB7918000291D45 /* ErrorViewController.m in Sources */ = {isa = PBXBuildFile; fileRef = DDDBBBED1FB7918000291D45 /* ErrorViewController.m */; };
		DDDBBBF31FB7918000291D45 /* Assets.xcassets in Resources */ = {isa = PBXBuildFile; fileRef = DDDBBBF21FB7918000291D45 /* Assets.xcassets */; };
		DDDBBBF91FB7918000291D45 /* main.m in Sources */ = {isa = PBXBuildFile; fileRef = DDDBBBF81FB7918000291D45 /* main.m */; };
		DDDBBC081FB797DA00291D45 /* RecordingFlowController.m in Sources */ = {isa = PBXBuildFile; fileRef = DDDBBC071FB797DA00291D45 /* RecordingFlowController.m */; };
		DDDBBC0B1FB7987A00291D45 /* PuppetSelectionViewController.m in Sources */ = {isa = PBXBuildFile; fileRef = DDDBBC0A1FB7987A00291D45 /* PuppetSelectionViewController.m */; };
		DDDBBC0E1FB798C100291D45 /* UIViewController+Children.m in Sources */ = {isa = PBXBuildFile; fileRef = DDDBBC0D1FB798C100291D45 /* UIViewController+Children.m */; };
		DDDBBC111FB79A8F00291D45 /* ASAppearance.m in Sources */ = {isa = PBXBuildFile; fileRef = DDDBBC101FB79A8F00291D45 /* ASAppearance.m */; };
		DDDBBC181FB79C4D00291D45 /* PuppetCollectionViewCell.m in Sources */ = {isa = PBXBuildFile; fileRef = DDDBBC171FB79C4D00291D45 /* PuppetCollectionViewCell.m */; };
		DDDBBC1B1FB7A28D00291D45 /* RecordingViewController.m in Sources */ = {isa = PBXBuildFile; fileRef = DDDBBC1A1FB7A28D00291D45 /* RecordingViewController.m */; };
		DDDBBC1E1FB7A73300291D45 /* ASPuppetView.m in Sources */ = {isa = PBXBuildFile; fileRef = DDDBBC1D1FB7A73300291D45 /* ASPuppetView.m */; };
		DDDBBC211FB7A7E400291D45 /* AvatarKit.framework in Frameworks */ = {isa = PBXBuildFile; fileRef = DDDBBC201FB7A7E400291D45 /* AvatarKit.framework */; };
		DDF87E3C1FBCE63A00F1A24C /* RecordingSettingsViewController.m in Sources */ = {isa = PBXBuildFile; fileRef = DDF87E3B1FBCE63A00F1A24C /* RecordingSettingsViewController.m */; };
		DDF9BB6221263E2800F19D2E /* MemojiSupport.m in Sources */ = {isa = PBXBuildFile; fileRef = DDF9BB6121263E2800F19D2E /* MemojiSupport.m */; };
/* End PBXBuildFile section */

/* Begin PBXFileReference section */
		360720F7262E57BD0080B767 /* AnimojiStudio-Bridging-Header.h */ = {isa = PBXFileReference; lastKnownFileType = sourcecode.c.h; path = "AnimojiStudio-Bridging-Header.h"; sourceTree = "<group>"; };
		360720F8262E57BE0080B767 /* ARViewController.swift */ = {isa = PBXFileReference; lastKnownFileType = sourcecode.swift; path = ARViewController.swift; sourceTree = "<group>"; };
		3639CF6D2633BD0D002569DB /* GoogleService-Info.plist */ = {isa = PBXFileReference; fileEncoding = 4; lastKnownFileType = text.plist.xml; path = "GoogleService-Info.plist"; sourceTree = "<group>"; };
		3639CF7A2633CEE6002569DB /* FirebaseAuthService.swift */ = {isa = PBXFileReference; lastKnownFileType = sourcecode.swift; path = FirebaseAuthService.swift; sourceTree = "<group>"; };
		36AB67732632987B00CF072D /* MapViewController.swift */ = {isa = PBXFileReference; lastKnownFileType = sourcecode.swift; path = MapViewController.swift; sourceTree = "<group>"; };
		36BB0203262FEA9300C0F926 /* AppDelegate.swift */ = {isa = PBXFileReference; fileEncoding = 4; lastKnownFileType = sourcecode.swift; path = AppDelegate.swift; sourceTree = "<group>"; };
		36BB0206262FEB1C00C0F926 /* Main.storyboard */ = {isa = PBXFileReference; fileEncoding = 4; lastKnownFileType = file.storyboard; path = Main.storyboard; sourceTree = "<group>"; };
		36BB0209262FEB2400C0F926 /* LaunchScreen.storyboard */ = {isa = PBXFileReference; fileEncoding = 4; lastKnownFileType = file.storyboard; path = LaunchScreen.storyboard; sourceTree = "<group>"; };
		36BB020F262FEDBD00C0F926 /* Recording.mov */ = {isa = PBXFileReference; lastKnownFileType = video.quicktime; path = Recording.mov; sourceTree = "<group>"; };
		36BB0215262FEE9200C0F926 /* InitialViewController.swift */ = {isa = PBXFileReference; lastKnownFileType = sourcecode.swift; path = InitialViewController.swift; sourceTree = "<group>"; };
		36CF7AF1263E34E600A76E6E /* shootingStar.gif */ = {isa = PBXFileReference; lastKnownFileType = image.gif; path = shootingStar.gif; sourceTree = "<group>"; };
		36CF7AF4263E55E600A76E6E /* NavigationBarHide.swift */ = {isa = PBXFileReference; lastKnownFileType = sourcecode.swift; path = NavigationBarHide.swift; sourceTree = "<group>"; };
		36CF7AFC263E607400A76E6E /* FirestoreUserService.swift */ = {isa = PBXFileReference; lastKnownFileType = sourcecode.swift; path = FirestoreUserService.swift; sourceTree = "<group>"; };
		36CF7AFF263E877E00A76E6E /* UserInfoViewController.swift */ = {isa = PBXFileReference; lastKnownFileType = sourcecode.swift; path = UserInfoViewController.swift; sourceTree = "<group>"; };
		36CF7B05263F20F100A76E6E /* HideKeyboardOnScreenTapViewController.swift */ = {isa = PBXFileReference; lastKnownFileType = sourcecode.swift; path = HideKeyboardOnScreenTapViewController.swift; sourceTree = "<group>"; };
		36CF7B09263F297500A76E6E /* ShowsErrorHideKeyboardGIFBackgroundViewController.swift */ = {isa = PBXFileReference; lastKnownFileType = sourcecode.swift; path = ShowsErrorHideKeyboardGIFBackgroundViewController.swift; sourceTree = "<group>"; };
		36CF7B0C263F29F100A76E6E /* CanShowErrorProtocol1.swift */ = {isa = PBXFileReference; lastKnownFileType = sourcecode.swift; path = CanShowErrorProtocol1.swift; sourceTree = "<group>"; };
		36CF7B13263F434E00A76E6E /* LoadingViewController.swift */ = {isa = PBXFileReference; lastKnownFileType = sourcecode.swift; path = LoadingViewController.swift; sourceTree = "<group>"; };
		36CF7B1B263F530200A76E6E /* SCSDKCoreKit.xcframework */ = {isa = PBXFileReference; lastKnownFileType = wrapper.xcframework; name = SCSDKCoreKit.xcframework; path = Pods/SnapSDK/SCSDKCoreKit.xcframework; sourceTree = "<group>"; };
		36CF7B1C263F530200A76E6E /* SCSDKLoginKit.xcframework */ = {isa = PBXFileReference; lastKnownFileType = wrapper.xcframework; name = SCSDKLoginKit.xcframework; path = Pods/SnapSDK/SCSDKLoginKit.xcframework; sourceTree = "<group>"; };
		36CF7B55263F6C5D00A76E6E /* AnimojiStudio.entitlements */ = {isa = PBXFileReference; lastKnownFileType = text.plist.entitlements; path = AnimojiStudio.entitlements; sourceTree = "<group>"; };
		36D2386C2640B45E0070DFCD /* MainTabBarViewController.swift */ = {isa = PBXFileReference; lastKnownFileType = sourcecode.swift; path = MainTabBarViewController.swift; sourceTree = "<group>"; };
		36D2386F2640BA040070DFCD /* UITabBarTransparentExtension.swift */ = {isa = PBXFileReference; lastKnownFileType = sourcecode.swift; path = UITabBarTransparentExtension.swift; sourceTree = "<group>"; };
		36D238742640BD3A0070DFCD /* LeaveMessageViewController.swift */ = {isa = PBXFileReference; lastKnownFileType = sourcecode.swift; path = LeaveMessageViewController.swift; sourceTree = "<group>"; };
		36D2387D2640CA0A0070DFCD /* FirestoreVideoUploadServicee.swift */ = {isa = PBXFileReference; lastKnownFileType = sourcecode.swift; path = FirestoreVideoUploadServicee.swift; sourceTree = "<group>"; };
		36D238872641107F0070DFCD /* Message.swift */ = {isa = PBXFileReference; lastKnownFileType = sourcecode.swift; path = Message.swift; sourceTree = "<group>"; };
		36DDFD692631459100A2A8F7 /* SignUpViewController.swift */ = {isa = PBXFileReference; lastKnownFileType = sourcecode.swift; path = SignUpViewController.swift; sourceTree = "<group>"; };
		36DDFD78263169AA00A2A8F7 /* Background.gif */ = {isa = PBXFileReference; lastKnownFileType = image.gif; path = Background.gif; sourceTree = "<group>"; };
		36DDFD7B26316BCF00A2A8F7 /* UIImageGifExtension.swift */ = {isa = PBXFileReference; lastKnownFileType = sourcecode.swift; path = UIImageGifExtension.swift; sourceTree = "<group>"; };
		36DDFD7F2631719300A2A8F7 /* Background2.gif */ = {isa = PBXFileReference; lastKnownFileType = image.gif; path = Background2.gif; sourceTree = "<group>"; };
		36DDFD832631732900A2A8F7 /* GifBackgroundViewController.swift */ = {isa = PBXFileReference; lastKnownFileType = sourcecode.swift; path = GifBackgroundViewController.swift; sourceTree = "<group>"; };
		4E46C06DB54CEA7E7E67B376 /* Pods_AnimojiStudio.framework */ = {isa = PBXFileReference; explicitFileType = wrapper.framework; includeInIndex = 0; path = Pods_AnimojiStudio.framework; sourceTree = BUILT_PRODUCTS_DIR; };
		7210ACD506C2E9E66D160F5B /* Pods-AnimojiStudio.debug.xcconfig */ = {isa = PBXFileReference; includeInIndex = 1; lastKnownFileType = text.xcconfig; name = "Pods-AnimojiStudio.debug.xcconfig"; path = "Target Support Files/Pods-AnimojiStudio/Pods-AnimojiStudio.debug.xcconfig"; sourceTree = "<group>"; };
		AE719A62016780E889053C6A /* Pods-AnimojiStudio.release.xcconfig */ = {isa = PBXFileReference; includeInIndex = 1; lastKnownFileType = text.xcconfig; name = "Pods-AnimojiStudio.release.xcconfig"; path = "Target Support Files/Pods-AnimojiStudio/Pods-AnimojiStudio.release.xcconfig"; sourceTree = "<group>"; };
		DC59AD272411C031000F6244 /* AVTRecordView.h */ = {isa = PBXFileReference; fileEncoding = 4; lastKnownFileType = sourcecode.c.h; path = AVTRecordView.h; sourceTree = "<group>"; };
		DC59AD282411C032000F6244 /* AVTView.h */ = {isa = PBXFileReference; fileEncoding = 4; lastKnownFileType = sourcecode.c.h; path = AVTView.h; sourceTree = "<group>"; };
		DC59AD292411C032000F6244 /* AVTAvatar.h */ = {isa = PBXFileReference; fileEncoding = 4; lastKnownFileType = sourcecode.c.h; path = AVTAvatar.h; sourceTree = "<group>"; };
		DC59AD2A2411C032000F6244 /* AVTAnimoji.h */ = {isa = PBXFileReference; fileEncoding = 4; lastKnownFileType = sourcecode.c.h; path = AVTAnimoji.h; sourceTree = "<group>"; };
		DD1D03BA1FBB0AB2006A47A6 /* ARConfiguration+Overrides.h */ = {isa = PBXFileReference; lastKnownFileType = sourcecode.c.h; path = "ARConfiguration+Overrides.h"; sourceTree = "<group>"; };
		DD1D03BB1FBB0AB2006A47A6 /* ARConfiguration+Overrides.m */ = {isa = PBXFileReference; lastKnownFileType = sourcecode.c.objc; path = "ARConfiguration+Overrides.m"; sourceTree = "<group>"; };
		DD7135AD1FBB86E800AAA5E7 /* ASColorWell.h */ = {isa = PBXFileReference; lastKnownFileType = sourcecode.c.h; path = ASColorWell.h; sourceTree = "<group>"; };
		DD7135AE1FBB86E800AAA5E7 /* ASColorWell.m */ = {isa = PBXFileReference; lastKnownFileType = sourcecode.c.objc; path = ASColorWell.m; sourceTree = "<group>"; };
		DD7135D91FBB99E900AAA5E7 /* ColorSheetPresentationController.h */ = {isa = PBXFileReference; fileEncoding = 4; lastKnownFileType = sourcecode.c.h; path = ColorSheetPresentationController.h; sourceTree = "<group>"; };
		DD7135DA1FBB99E900AAA5E7 /* ColorSheetPresentationController.m */ = {isa = PBXFileReference; fileEncoding = 4; lastKnownFileType = sourcecode.c.objc; path = ColorSheetPresentationController.m; sourceTree = "<group>"; };
		DD7135DB1FBB99E900AAA5E7 /* ColorSheetViewController.h */ = {isa = PBXFileReference; fileEncoding = 4; lastKnownFileType = sourcecode.c.h; path = ColorSheetViewController.h; sourceTree = "<group>"; };
		DD7135DC1FBB99E900AAA5E7 /* ColorSheetViewController.m */ = {isa = PBXFileReference; fileEncoding = 4; lastKnownFileType = sourcecode.c.objc; path = ColorSheetViewController.m; sourceTree = "<group>"; };
		DD7135E11FBBDA8400AAA5E7 /* SpotifyAuthentication.framework */ = {isa = PBXFileReference; lastKnownFileType = wrapper.framework; path = SpotifyAuthentication.framework; sourceTree = "<group>"; };
		DD7135E21FBBDA8400AAA5E7 /* SpotifyAudioPlayback.framework */ = {isa = PBXFileReference; lastKnownFileType = wrapper.framework; path = SpotifyAudioPlayback.framework; sourceTree = "<group>"; };
		DD7135E31FBBDA8500AAA5E7 /* SpotifyMetadata.framework */ = {isa = PBXFileReference; lastKnownFileType = wrapper.framework; path = SpotifyMetadata.framework; sourceTree = "<group>"; };
		DD7135E71FBBDACD00AAA5E7 /* SpotifyCoordinator.h */ = {isa = PBXFileReference; lastKnownFileType = sourcecode.c.h; path = SpotifyCoordinator.h; sourceTree = "<group>"; };
		DD7135E81FBBDACD00AAA5E7 /* SpotifyCoordinator.m */ = {isa = PBXFileReference; lastKnownFileType = sourcecode.c.objc; path = SpotifyCoordinator.m; sourceTree = "<group>"; };
		DD7135EB1FBBE62900AAA5E7 /* KaraokeFlowController.h */ = {isa = PBXFileReference; lastKnownFileType = sourcecode.c.h; path = KaraokeFlowController.h; sourceTree = "<group>"; };
		DD7135EC1FBBE62900AAA5E7 /* KaraokeFlowController.m */ = {isa = PBXFileReference; lastKnownFileType = sourcecode.c.objc; path = KaraokeFlowController.m; sourceTree = "<group>"; };
		DD7135EE1FBBE68300AAA5E7 /* SpotifySearchViewController.h */ = {isa = PBXFileReference; lastKnownFileType = sourcecode.c.h; path = SpotifySearchViewController.h; sourceTree = "<group>"; };
		DD7135EF1FBBE68300AAA5E7 /* SpotifySearchViewController.m */ = {isa = PBXFileReference; lastKnownFileType = sourcecode.c.objc; path = SpotifySearchViewController.m; sourceTree = "<group>"; };
		DD7135F11FBC86D800AAA5E7 /* SongTableViewCell.h */ = {isa = PBXFileReference; lastKnownFileType = sourcecode.c.h; path = SongTableViewCell.h; sourceTree = "<group>"; };
		DD7135F21FBC86D800AAA5E7 /* SongTableViewCell.m */ = {isa = PBXFileReference; lastKnownFileType = sourcecode.c.objc; path = SongTableViewCell.m; sourceTree = "<group>"; };
		DDA31ACE212703B80058B989 /* AvatarSelectionFlowController.h */ = {isa = PBXFileReference; lastKnownFileType = sourcecode.c.h; path = AvatarSelectionFlowController.h; sourceTree = "<group>"; };
		DDA31ACF212703B80058B989 /* AvatarSelectionFlowController.m */ = {isa = PBXFileReference; lastKnownFileType = sourcecode.c.objc; path = AvatarSelectionFlowController.m; sourceTree = "<group>"; };
		DDA31AD1212707910058B989 /* WelcomeViewController.h */ = {isa = PBXFileReference; lastKnownFileType = sourcecode.c.h; path = WelcomeViewController.h; sourceTree = "<group>"; };
		DDA31AD2212707910058B989 /* WelcomeViewController.m */ = {isa = PBXFileReference; lastKnownFileType = sourcecode.c.objc; path = WelcomeViewController.m; sourceTree = "<group>"; };
		DDA31AD6212709170058B989 /* BigButton.h */ = {isa = PBXFileReference; lastKnownFileType = sourcecode.c.h; path = BigButton.h; sourceTree = "<group>"; };
		DDA31AD7212709170058B989 /* BigButton.m */ = {isa = PBXFileReference; lastKnownFileType = sourcecode.c.objc; path = BigButton.m; sourceTree = "<group>"; };
		DDA31AD9212718760058B989 /* MemojiSelectionViewController.h */ = {isa = PBXFileReference; lastKnownFileType = sourcecode.c.h; path = MemojiSelectionViewController.h; sourceTree = "<group>"; };
		DDA31ADA212718760058B989 /* MemojiSelectionViewController.m */ = {isa = PBXFileReference; lastKnownFileType = sourcecode.c.objc; path = MemojiSelectionViewController.m; sourceTree = "<group>"; };
		DDCE6C9D1FB87117000EAE11 /* RecordingCoordinator.h */ = {isa = PBXFileReference; lastKnownFileType = sourcecode.c.h; path = RecordingCoordinator.h; sourceTree = "<group>"; };
		DDCE6C9E1FB87117000EAE11 /* RecordingCoordinator.m */ = {isa = PBXFileReference; lastKnownFileType = sourcecode.c.objc; path = RecordingCoordinator.m; sourceTree = "<group>"; };
		DDCE6CA41FB8C615000EAE11 /* RecordingStatusViewController.h */ = {isa = PBXFileReference; lastKnownFileType = sourcecode.c.h; path = RecordingStatusViewController.h; sourceTree = "<group>"; };
		DDCE6CA51FB8C615000EAE11 /* RecordingStatusViewController.m */ = {isa = PBXFileReference; lastKnownFileType = sourcecode.c.objc; path = RecordingStatusViewController.m; sourceTree = "<group>"; };
		DDCE6CA81FB8D9EF000EAE11 /* SharingFlowController.h */ = {isa = PBXFileReference; lastKnownFileType = sourcecode.c.h; path = SharingFlowController.h; sourceTree = "<group>"; };
		DDCE6CA91FB8D9EF000EAE11 /* SharingFlowController.m */ = {isa = PBXFileReference; lastKnownFileType = sourcecode.c.objc; path = SharingFlowController.m; sourceTree = "<group>"; };
		DDCE6CAB1FB8DAB8000EAE11 /* VideoPreviewViewController.h */ = {isa = PBXFileReference; lastKnownFileType = sourcecode.c.h; path = VideoPreviewViewController.h; sourceTree = "<group>"; };
		DDCE6CAC1FB8DAB8000EAE11 /* VideoPreviewViewController.m */ = {isa = PBXFileReference; lastKnownFileType = sourcecode.c.objc; path = VideoPreviewViewController.m; sourceTree = "<group>"; };
		DDDBBBE61FB7917F00291D45 /* AnimojiStudio.app */ = {isa = PBXFileReference; explicitFileType = wrapper.application; includeInIndex = 0; path = AnimojiStudio.app; sourceTree = BUILT_PRODUCTS_DIR; };
		DDDBBBE91FB7917F00291D45 /* AppDelegate.h */ = {isa = PBXFileReference; lastKnownFileType = sourcecode.c.h; path = AppDelegate.h; sourceTree = "<group>"; };
		DDDBBBEA1FB7917F00291D45 /* AppDelegate.m */ = {isa = PBXFileReference; lastKnownFileType = sourcecode.c.objc; path = AppDelegate.m; sourceTree = "<group>"; };
		DDDBBBEC1FB7917F00291D45 /* ErrorViewController.h */ = {isa = PBXFileReference; lastKnownFileType = sourcecode.c.h; path = ErrorViewController.h; sourceTree = "<group>"; };
		DDDBBBED1FB7918000291D45 /* ErrorViewController.m */ = {isa = PBXFileReference; lastKnownFileType = sourcecode.c.objc; path = ErrorViewController.m; sourceTree = "<group>"; };
		DDDBBBF21FB7918000291D45 /* Assets.xcassets */ = {isa = PBXFileReference; lastKnownFileType = folder.assetcatalog; path = Assets.xcassets; sourceTree = "<group>"; };
		DDDBBBF71FB7918000291D45 /* Info.plist */ = {isa = PBXFileReference; lastKnownFileType = text.plist.xml; path = Info.plist; sourceTree = "<group>"; };
		DDDBBBF81FB7918000291D45 /* main.m */ = {isa = PBXFileReference; lastKnownFileType = sourcecode.c.objc; path = main.m; sourceTree = "<group>"; };
		DDDBBC061FB797DA00291D45 /* RecordingFlowController.h */ = {isa = PBXFileReference; lastKnownFileType = sourcecode.c.h; path = RecordingFlowController.h; sourceTree = "<group>"; };
		DDDBBC071FB797DA00291D45 /* RecordingFlowController.m */ = {isa = PBXFileReference; lastKnownFileType = sourcecode.c.objc; path = RecordingFlowController.m; sourceTree = "<group>"; };
		DDDBBC091FB7987A00291D45 /* PuppetSelectionViewController.h */ = {isa = PBXFileReference; lastKnownFileType = sourcecode.c.h; path = PuppetSelectionViewController.h; sourceTree = "<group>"; };
		DDDBBC0A1FB7987A00291D45 /* PuppetSelectionViewController.m */ = {isa = PBXFileReference; lastKnownFileType = sourcecode.c.objc; path = PuppetSelectionViewController.m; sourceTree = "<group>"; };
		DDDBBC0C1FB798C100291D45 /* UIViewController+Children.h */ = {isa = PBXFileReference; lastKnownFileType = sourcecode.c.h; path = "UIViewController+Children.h"; sourceTree = "<group>"; };
		DDDBBC0D1FB798C100291D45 /* UIViewController+Children.m */ = {isa = PBXFileReference; lastKnownFileType = sourcecode.c.objc; path = "UIViewController+Children.m"; sourceTree = "<group>"; };
		DDDBBC0F1FB79A8F00291D45 /* ASAppearance.h */ = {isa = PBXFileReference; lastKnownFileType = sourcecode.c.h; path = ASAppearance.h; sourceTree = "<group>"; };
		DDDBBC101FB79A8F00291D45 /* ASAppearance.m */ = {isa = PBXFileReference; lastKnownFileType = sourcecode.c.objc; path = ASAppearance.m; sourceTree = "<group>"; };
		DDDBBC161FB79C4D00291D45 /* PuppetCollectionViewCell.h */ = {isa = PBXFileReference; lastKnownFileType = sourcecode.c.h; path = PuppetCollectionViewCell.h; sourceTree = "<group>"; };
		DDDBBC171FB79C4D00291D45 /* PuppetCollectionViewCell.m */ = {isa = PBXFileReference; lastKnownFileType = sourcecode.c.objc; path = PuppetCollectionViewCell.m; sourceTree = "<group>"; };
		DDDBBC191FB7A28D00291D45 /* RecordingViewController.h */ = {isa = PBXFileReference; lastKnownFileType = sourcecode.c.h; path = RecordingViewController.h; sourceTree = "<group>"; };
		DDDBBC1A1FB7A28D00291D45 /* RecordingViewController.m */ = {isa = PBXFileReference; lastKnownFileType = sourcecode.c.objc; path = RecordingViewController.m; sourceTree = "<group>"; };
		DDDBBC1C1FB7A73300291D45 /* ASPuppetView.h */ = {isa = PBXFileReference; lastKnownFileType = sourcecode.c.h; path = ASPuppetView.h; sourceTree = "<group>"; };
		DDDBBC1D1FB7A73300291D45 /* ASPuppetView.m */ = {isa = PBXFileReference; lastKnownFileType = sourcecode.c.objc; path = ASPuppetView.m; sourceTree = "<group>"; };
		DDDBBC201FB7A7E400291D45 /* AvatarKit.framework */ = {isa = PBXFileReference; lastKnownFileType = wrapper.framework; name = AvatarKit.framework; path = AnimojiStudio/AvatarKit/AvatarKit.framework; sourceTree = "<group>"; };
		DDF87E3A1FBCE63A00F1A24C /* RecordingSettingsViewController.h */ = {isa = PBXFileReference; lastKnownFileType = sourcecode.c.h; path = RecordingSettingsViewController.h; sourceTree = "<group>"; };
		DDF87E3B1FBCE63A00F1A24C /* RecordingSettingsViewController.m */ = {isa = PBXFileReference; lastKnownFileType = sourcecode.c.objc; path = RecordingSettingsViewController.m; sourceTree = "<group>"; };
		DDF9BB6021263E2800F19D2E /* MemojiSupport.h */ = {isa = PBXFileReference; lastKnownFileType = sourcecode.c.h; path = MemojiSupport.h; sourceTree = "<group>"; };
		DDF9BB6121263E2800F19D2E /* MemojiSupport.m */ = {isa = PBXFileReference; lastKnownFileType = sourcecode.c.objc; path = MemojiSupport.m; sourceTree = "<group>"; };
		DDFC669720CD9ADB000DD478 /* AVTAvatarStore.h */ = {isa = PBXFileReference; lastKnownFileType = sourcecode.c.h; path = AVTAvatarStore.h; sourceTree = "<group>"; };
		DDFC669820CD9B48000DD478 /* AVTAvatarLibraryViewController.h */ = {isa = PBXFileReference; lastKnownFileType = sourcecode.c.h; path = AVTAvatarLibraryViewController.h; sourceTree = "<group>"; };
/* End PBXFileReference section */

/* Begin PBXFrameworksBuildPhase section */
		DDDBBBE31FB7917F00291D45 /* Frameworks */ = {
			isa = PBXFrameworksBuildPhase;
			buildActionMask = 2147483647;
			files = (
				DDDBBC211FB7A7E400291D45 /* AvatarKit.framework in Frameworks */,
				3639CF722633BF90002569DB /* BuildFile in Frameworks */,
				36D23852264068480070DFCD /* SCSDKCoreKit.xcframework in Frameworks */,
				DD7135E41FBBDA9100AAA5E7 /* SpotifyAudioPlayback.framework in Frameworks */,
				DD7135E51FBBDA9400AAA5E7 /* SpotifyAuthentication.framework in Frameworks */,
				3639CF762633BF90002569DB /* BuildFile in Frameworks */,
				DD7135E61FBBDA9800AAA5E7 /* SpotifyMetadata.framework in Frameworks */,
				3639CF742633BF90002569DB /* BuildFile in Frameworks */,
				2D60E87EAB6A41ABE8FBA999 /* Pods_AnimojiStudio.framework in Frameworks */,
				36D2384F264068470070DFCD /* SCSDKLoginKit.xcframework in Frameworks */,
			);
			runOnlyForDeploymentPostprocessing = 0;
		};
/* End PBXFrameworksBuildPhase section */

/* Begin PBXGroup section */
		360720F6262E57950080B767 /* 2nd app stuff */ = {
			isa = PBXGroup;
			children = (
				3639CF792633CECD002569DB /* Services */,
				3639CF782633CEA5002569DB /* Model */,
				36BB0214262FEE4800C0F926 /* Resources */,
				36BB0213262FEE3000C0F926 /* Controller */,
				36BB0212262FEE2600C0F926 /* View */,
				36BB0203262FEA9300C0F926 /* AppDelegate.swift */,
				360720F7262E57BD0080B767 /* AnimojiStudio-Bridging-Header.h */,
			);
			path = "2nd app stuff";
			sourceTree = "<group>";
		};
		3639CF782633CEA5002569DB /* Model */ = {
			isa = PBXGroup;
			children = (
				36D238872641107F0070DFCD /* Message.swift */,
			);
			path = Model;
			sourceTree = "<group>";
		};
		3639CF792633CECD002569DB /* Services */ = {
			isa = PBXGroup;
			children = (
				3639CF7A2633CEE6002569DB /* FirebaseAuthService.swift */,
				36CF7AFC263E607400A76E6E /* FirestoreUserService.swift */,
				36D2387D2640CA0A0070DFCD /* FirestoreVideoUploadServicee.swift */,
			);
			path = Services;
			sourceTree = "<group>";
		};
		365BD877263292E3007EF48A /* VC Base Classes */ = {
			isa = PBXGroup;
			children = (
				36DDFD832631732900A2A8F7 /* GifBackgroundViewController.swift */,
				36CF7AF4263E55E600A76E6E /* NavigationBarHide.swift */,
				36CF7B05263F20F100A76E6E /* HideKeyboardOnScreenTapViewController.swift */,
				36CF7B09263F297500A76E6E /* ShowsErrorHideKeyboardGIFBackgroundViewController.swift */,
				36CF7B0C263F29F100A76E6E /* CanShowErrorProtocol1.swift */,
			);
			path = "VC Base Classes";
			sourceTree = "<group>";
		};
		36BB0212262FEE2600C0F926 /* View */ = {
			isa = PBXGroup;
			children = (
				36DDFD8A26328EE600A2A8F7 /* Custom View Extensions */,
				36BB0206262FEB1C00C0F926 /* Main.storyboard */,
				36BB0209262FEB2400C0F926 /* LaunchScreen.storyboard */,
			);
			path = View;
			sourceTree = "<group>";
		};
		36BB0213262FEE3000C0F926 /* Controller */ = {
			isa = PBXGroup;
			children = (
				36D238722640BC7F0070DFCD /* Pre-build refrence VCs */,
				365BD877263292E3007EF48A /* VC Base Classes */,
				36DDFD692631459100A2A8F7 /* SignUpViewController.swift */,
				36AB67732632987B00CF072D /* MapViewController.swift */,
				36CF7AFF263E877E00A76E6E /* UserInfoViewController.swift */,
				36CF7B13263F434E00A76E6E /* LoadingViewController.swift */,
				36D2386C2640B45E0070DFCD /* MainTabBarViewController.swift */,
				36D238742640BD3A0070DFCD /* LeaveMessageViewController.swift */,
			);
			path = Controller;
			sourceTree = "<group>";
		};
		36BB0214262FEE4800C0F926 /* Resources */ = {
			isa = PBXGroup;
			children = (
				36DDFD7F2631719300A2A8F7 /* Background2.gif */,
				36CF7AF1263E34E600A76E6E /* shootingStar.gif */,
				36DDFD78263169AA00A2A8F7 /* Background.gif */,
				36BB020F262FEDBD00C0F926 /* Recording.mov */,
			);
			path = Resources;
			sourceTree = "<group>";
		};
		36D238722640BC7F0070DFCD /* Pre-build refrence VCs */ = {
			isa = PBXGroup;
			children = (
				360720F8262E57BE0080B767 /* ARViewController.swift */,
				36BB0215262FEE9200C0F926 /* InitialViewController.swift */,
			);
			path = "Pre-build refrence VCs";
			sourceTree = "<group>";
		};
		36DDFD602631383000A2A8F7 /* Memoji stuff */ = {
			isa = PBXGroup;
			children = (
				DDDBBC031FB7977F00291D45 /* Bootstrap */,
				DDDBBC041FB7978600291D45 /* Controllers */,
				DDCE6C9C1FB87104000EAE11 /* Core */,
				DDDBBC151FB79C3900291D45 /* Views */,
			);
			path = "Memoji stuff";
			sourceTree = "<group>";
		};
		36DDFD8A26328EE600A2A8F7 /* Custom View Extensions */ = {
			isa = PBXGroup;
			children = (
				36DDFD7B26316BCF00A2A8F7 /* UIImageGifExtension.swift */,
				36D2386F2640BA040070DFCD /* UITabBarTransparentExtension.swift */,
			);
			path = "Custom View Extensions";
			sourceTree = "<group>";
		};
		7EF4564CD55616D80C094183 /* Pods */ = {
			isa = PBXGroup;
			children = (
				7210ACD506C2E9E66D160F5B /* Pods-AnimojiStudio.debug.xcconfig */,
				AE719A62016780E889053C6A /* Pods-AnimojiStudio.release.xcconfig */,
			);
			path = Pods;
			sourceTree = "<group>";
		};
		DD7135D81FBB99E000AAA5E7 /* Color Sheet */ = {
			isa = PBXGroup;
			children = (
				DD7135D91FBB99E900AAA5E7 /* ColorSheetPresentationController.h */,
				DD7135DA1FBB99E900AAA5E7 /* ColorSheetPresentationController.m */,
				DD7135DB1FBB99E900AAA5E7 /* ColorSheetViewController.h */,
				DD7135DC1FBB99E900AAA5E7 /* ColorSheetViewController.m */,
			);
			path = "Color Sheet";
			sourceTree = "<group>";
		};
		DD7135EA1FBBE60100AAA5E7 /* Karaoke */ = {
			isa = PBXGroup;
			children = (
				DD7135EB1FBBE62900AAA5E7 /* KaraokeFlowController.h */,
				DD7135EC1FBBE62900AAA5E7 /* KaraokeFlowController.m */,
				DD7135EE1FBBE68300AAA5E7 /* SpotifySearchViewController.h */,
				DD7135EF1FBBE68300AAA5E7 /* SpotifySearchViewController.m */,
			);
			path = Karaoke;
			sourceTree = "<group>";
		};
		DDA31AD52127087E0058B989 /* Avatar Selection */ = {
			isa = PBXGroup;
			children = (
				DDA31ACE212703B80058B989 /* AvatarSelectionFlowController.h */,
				DDA31ACF212703B80058B989 /* AvatarSelectionFlowController.m */,
				DDA31AD1212707910058B989 /* WelcomeViewController.h */,
				DDA31AD2212707910058B989 /* WelcomeViewController.m */,
				DDDBBC091FB7987A00291D45 /* PuppetSelectionViewController.h */,
				DDDBBC0A1FB7987A00291D45 /* PuppetSelectionViewController.m */,
				DDA31AD9212718760058B989 /* MemojiSelectionViewController.h */,
				DDA31ADA212718760058B989 /* MemojiSelectionViewController.m */,
			);
			path = "Avatar Selection";
			sourceTree = "<group>";
		};
		DDCE6C9C1FB87104000EAE11 /* Core */ = {
			isa = PBXGroup;
			children = (
				DDCE6C9D1FB87117000EAE11 /* RecordingCoordinator.h */,
				DDCE6C9E1FB87117000EAE11 /* RecordingCoordinator.m */,
				DD1D03BA1FBB0AB2006A47A6 /* ARConfiguration+Overrides.h */,
				DD1D03BB1FBB0AB2006A47A6 /* ARConfiguration+Overrides.m */,
				DDF9BB6021263E2800F19D2E /* MemojiSupport.h */,
				DDF9BB6121263E2800F19D2E /* MemojiSupport.m */,
				DD7135E71FBBDACD00AAA5E7 /* SpotifyCoordinator.h */,
				DD7135E81FBBDACD00AAA5E7 /* SpotifyCoordinator.m */,
				DDA31AD6212709170058B989 /* BigButton.h */,
				DDA31AD7212709170058B989 /* BigButton.m */,
			);
			path = Core;
			sourceTree = "<group>";
		};
		DDCE6CA71FB8D9CC000EAE11 /* Sharing */ = {
			isa = PBXGroup;
			children = (
				DDCE6CA81FB8D9EF000EAE11 /* SharingFlowController.h */,
				DDCE6CA91FB8D9EF000EAE11 /* SharingFlowController.m */,
				DDCE6CAB1FB8DAB8000EAE11 /* VideoPreviewViewController.h */,
				DDCE6CAC1FB8DAB8000EAE11 /* VideoPreviewViewController.m */,
			);
			path = Sharing;
			sourceTree = "<group>";
		};
		DDDBBBDD1FB7917F00291D45 = {
			isa = PBXGroup;
			children = (
				DDDBBBE81FB7917F00291D45 /* AnimojiStudio */,
				DDDBBBE71FB7917F00291D45 /* Products */,
				DDDBBC1F1FB7A7E400291D45 /* Frameworks */,
				7EF4564CD55616D80C094183 /* Pods */,
			);
			sourceTree = "<group>";
		};
		DDDBBBE71FB7917F00291D45 /* Products */ = {
			isa = PBXGroup;
			children = (
				DDDBBBE61FB7917F00291D45 /* AnimojiStudio.app */,
			);
			name = Products;
			sourceTree = "<group>";
		};
		DDDBBBE81FB7917F00291D45 /* AnimojiStudio */ = {
			isa = PBXGroup;
			children = (
				36CF7B55263F6C5D00A76E6E /* AnimojiStudio.entitlements */,
				DDFC669620CD9A6F000DD478 /* AvatarUI */,
				DDDBBC051FB7978D00291D45 /* Resources */,
				DDDBBBFF1FB794A400291D45 /* AvatarKit */,
				36DDFD602631383000A2A8F7 /* Memoji stuff */,
				360720F6262E57950080B767 /* 2nd app stuff */,
			);
			path = AnimojiStudio;
			sourceTree = "<group>";
		};
		DDDBBBFF1FB794A400291D45 /* AvatarKit */ = {
			isa = PBXGroup;
			children = (
				DC59AD2A2411C032000F6244 /* AVTAnimoji.h */,
				DC59AD292411C032000F6244 /* AVTAvatar.h */,
				DC59AD272411C031000F6244 /* AVTRecordView.h */,
				DC59AD282411C032000F6244 /* AVTView.h */,
			);
			path = AvatarKit;
			sourceTree = "<group>";
		};
		DDDBBC031FB7977F00291D45 /* Bootstrap */ = {
			isa = PBXGroup;
			children = (
				DDDBBC0F1FB79A8F00291D45 /* ASAppearance.h */,
				DDDBBC101FB79A8F00291D45 /* ASAppearance.m */,
				DDDBBBE91FB7917F00291D45 /* AppDelegate.h */,
				DDDBBBEA1FB7917F00291D45 /* AppDelegate.m */,
				DDDBBBF81FB7918000291D45 /* main.m */,
			);
			path = Bootstrap;
			sourceTree = "<group>";
		};
		DDDBBC041FB7978600291D45 /* Controllers */ = {
			isa = PBXGroup;
			children = (
				DDDBBC141FB79AF700291D45 /* Misc */,
				DDDBBC131FB79AF400291D45 /* Error */,
				DDDBBC121FB79AE700291D45 /* Recording */,
				DD7135EA1FBBE60100AAA5E7 /* Karaoke */,
				DDCE6CA71FB8D9CC000EAE11 /* Sharing */,
			);
			path = Controllers;
			sourceTree = "<group>";
		};
		DDDBBC051FB7978D00291D45 /* Resources */ = {
			isa = PBXGroup;
			children = (
				3639CF6D2633BD0D002569DB /* GoogleService-Info.plist */,
				DDDBBBF21FB7918000291D45 /* Assets.xcassets */,
				DDDBBBF71FB7918000291D45 /* Info.plist */,
			);
			path = Resources;
			sourceTree = "<group>";
		};
		DDDBBC121FB79AE700291D45 /* Recording */ = {
			isa = PBXGroup;
			children = (
				DDA31AD52127087E0058B989 /* Avatar Selection */,
				DDDBBC061FB797DA00291D45 /* RecordingFlowController.h */,
				DDDBBC071FB797DA00291D45 /* RecordingFlowController.m */,
				DDDBBC191FB7A28D00291D45 /* RecordingViewController.h */,
				DDDBBC1A1FB7A28D00291D45 /* RecordingViewController.m */,
				DDCE6CA41FB8C615000EAE11 /* RecordingStatusViewController.h */,
				DDCE6CA51FB8C615000EAE11 /* RecordingStatusViewController.m */,
				DDF87E3A1FBCE63A00F1A24C /* RecordingSettingsViewController.h */,
				DDF87E3B1FBCE63A00F1A24C /* RecordingSettingsViewController.m */,
			);
			path = Recording;
			sourceTree = "<group>";
		};
		DDDBBC131FB79AF400291D45 /* Error */ = {
			isa = PBXGroup;
			children = (
				DDDBBBEC1FB7917F00291D45 /* ErrorViewController.h */,
				DDDBBBED1FB7918000291D45 /* ErrorViewController.m */,
			);
			path = Error;
			sourceTree = "<group>";
		};
		DDDBBC141FB79AF700291D45 /* Misc */ = {
			isa = PBXGroup;
			children = (
				DD7135D81FBB99E000AAA5E7 /* Color Sheet */,
				DDDBBC0C1FB798C100291D45 /* UIViewController+Children.h */,
				DDDBBC0D1FB798C100291D45 /* UIViewController+Children.m */,
			);
			path = Misc;
			sourceTree = "<group>";
		};
		DDDBBC151FB79C3900291D45 /* Views */ = {
			isa = PBXGroup;
			children = (
				DDDBBC161FB79C4D00291D45 /* PuppetCollectionViewCell.h */,
				DDDBBC171FB79C4D00291D45 /* PuppetCollectionViewCell.m */,
				DDDBBC1C1FB7A73300291D45 /* ASPuppetView.h */,
				DDDBBC1D1FB7A73300291D45 /* ASPuppetView.m */,
				DD7135AD1FBB86E800AAA5E7 /* ASColorWell.h */,
				DD7135AE1FBB86E800AAA5E7 /* ASColorWell.m */,
				DD7135F11FBC86D800AAA5E7 /* SongTableViewCell.h */,
				DD7135F21FBC86D800AAA5E7 /* SongTableViewCell.m */,
			);
			path = Views;
			sourceTree = "<group>";
		};
		DDDBBC1F1FB7A7E400291D45 /* Frameworks */ = {
			isa = PBXGroup;
			children = (
				36CF7B1B263F530200A76E6E /* SCSDKCoreKit.xcframework */,
				36CF7B1C263F530200A76E6E /* SCSDKLoginKit.xcframework */,
				DD7135E21FBBDA8400AAA5E7 /* SpotifyAudioPlayback.framework */,
				DD7135E11FBBDA8400AAA5E7 /* SpotifyAuthentication.framework */,
				DD7135E31FBBDA8500AAA5E7 /* SpotifyMetadata.framework */,
				DDDBBC201FB7A7E400291D45 /* AvatarKit.framework */,
				4E46C06DB54CEA7E7E67B376 /* Pods_AnimojiStudio.framework */,
			);
			name = Frameworks;
			sourceTree = "<group>";
		};
		DDFC669620CD9A6F000DD478 /* AvatarUI */ = {
			isa = PBXGroup;
			children = (
				DDFC669720CD9ADB000DD478 /* AVTAvatarStore.h */,
				DDFC669820CD9B48000DD478 /* AVTAvatarLibraryViewController.h */,
			);
			path = AvatarUI;
			sourceTree = "<group>";
		};
/* End PBXGroup section */

/* Begin PBXNativeTarget section */
		DDDBBBE51FB7917F00291D45 /* AnimojiStudio */ = {
			isa = PBXNativeTarget;
			buildConfigurationList = DDDBBBFC1FB7918000291D45 /* Build configuration list for PBXNativeTarget "AnimojiStudio" */;
			buildPhases = (
				E87B47D0D666A5C5E80FCF87 /* [CP] Check Pods Manifest.lock */,
				DDDBBBE21FB7917F00291D45 /* Sources */,
				DDDBBBE31FB7917F00291D45 /* Frameworks */,
				DDDBBBE41FB7917F00291D45 /* Resources */,
				CA359C2AB34C0044C9C96500 /* [CP] Embed Pods Frameworks */,
			);
			buildRules = (
			);
			dependencies = (
			);
			name = AnimojiStudio;
			packageProductDependencies = (
				3639CF712633BF90002569DB /* SwiftPackageProductDependency */,
				3639CF732633BF90002569DB /* SwiftPackageProductDependency */,
				3639CF752633BF90002569DB /* SwiftPackageProductDependency */,
			);
			productName = AnimojiStudio;
			productReference = DDDBBBE61FB7917F00291D45 /* AnimojiStudio.app */;
			productType = "com.apple.product-type.application";
		};
/* End PBXNativeTarget section */

/* Begin PBXProject section */
		DDDBBBDE1FB7917F00291D45 /* Project object */ = {
			isa = PBXProject;
			attributes = {
				LastUpgradeCheck = 1000;
				ORGANIZATIONNAME = "Guilherme Rambo";
				TargetAttributes = {
					DDDBBBE51FB7917F00291D45 = {
						CreatedOnToolsVersion = 9.1;
						LastSwiftMigration = 1240;
						ProvisioningStyle = Automatic;
					};
				};
			};
			buildConfigurationList = DDDBBBE11FB7917F00291D45 /* Build configuration list for PBXProject "AnimojiStudio" */;
			compatibilityVersion = "Xcode 8.0";
			developmentRegion = en;
			hasScannedForEncodings = 0;
			knownRegions = (
				en,
				Base,
			);
			mainGroup = DDDBBBDD1FB7917F00291D45;
			packageReferences = (
				3639CF702633BF90002569DB /* RemoteSwiftPackageReference */,
			);
			productRefGroup = DDDBBBE71FB7917F00291D45 /* Products */;
			projectDirPath = "";
			projectRoot = "";
			targets = (
				DDDBBBE51FB7917F00291D45 /* AnimojiStudio */,
			);
		};
/* End PBXProject section */

/* Begin PBXResourcesBuildPhase section */
		DDDBBBE41FB7917F00291D45 /* Resources */ = {
			isa = PBXResourcesBuildPhase;
			buildActionMask = 2147483647;
			files = (
				36BB0207262FEB1C00C0F926 /* Main.storyboard in Resources */,
				36CF7AF2263E34E600A76E6E /* shootingStar.gif in Resources */,
				36DDFD802631719300A2A8F7 /* Background2.gif in Resources */,
				36DDFD79263169AA00A2A8F7 /* Background.gif in Resources */,
				36BB020A262FEB2400C0F926 /* LaunchScreen.storyboard in Resources */,
				36BB0210262FEDBD00C0F926 /* Recording.mov in Resources */,
				DDDBBBF31FB7918000291D45 /* Assets.xcassets in Resources */,
				3639CF6E2633BD0D002569DB /* GoogleService-Info.plist in Resources */,
			);
			runOnlyForDeploymentPostprocessing = 0;
		};
/* End PBXResourcesBuildPhase section */

/* Begin PBXShellScriptBuildPhase section */
		CA359C2AB34C0044C9C96500 /* [CP] Embed Pods Frameworks */ = {
			isa = PBXShellScriptBuildPhase;
			buildActionMask = 2147483647;
			files = (
			);
			inputPaths = (
				"${PODS_ROOT}/Target Support Files/Pods-AnimojiStudio/Pods-AnimojiStudio-frameworks.sh",
				"${BUILT_PRODUCTS_DIR}/CodableFirebase/CodableFirebase.framework",
				"${BUILT_PRODUCTS_DIR}/PINCache/PINCache.framework",
				"${BUILT_PRODUCTS_DIR}/PINOperation/PINOperation.framework",
				"${PODS_XCFRAMEWORKS_BUILD_DIR}/SCSDKBitmojiKit/SCSDKBitmojiKit.framework/SCSDKBitmojiKit",
				"${PODS_XCFRAMEWORKS_BUILD_DIR}/SCSDKCoreKit/SCSDKCoreKit.framework/SCSDKCoreKit",
				"${PODS_XCFRAMEWORKS_BUILD_DIR}/SCSDKLoginKit/SCSDKLoginKit.framework/SCSDKLoginKit",
			);
			name = "[CP] Embed Pods Frameworks";
			outputPaths = (
				"${TARGET_BUILD_DIR}/${FRAMEWORKS_FOLDER_PATH}/CodableFirebase.framework",
				"${TARGET_BUILD_DIR}/${FRAMEWORKS_FOLDER_PATH}/PINCache.framework",
				"${TARGET_BUILD_DIR}/${FRAMEWORKS_FOLDER_PATH}/PINOperation.framework",
				"${TARGET_BUILD_DIR}/${FRAMEWORKS_FOLDER_PATH}/SCSDKBitmojiKit.framework",
				"${TARGET_BUILD_DIR}/${FRAMEWORKS_FOLDER_PATH}/SCSDKCoreKit.framework",
				"${TARGET_BUILD_DIR}/${FRAMEWORKS_FOLDER_PATH}/SCSDKLoginKit.framework",
			);
			runOnlyForDeploymentPostprocessing = 0;
			shellPath = /bin/sh;
			shellScript = "\"${PODS_ROOT}/Target Support Files/Pods-AnimojiStudio/Pods-AnimojiStudio-frameworks.sh\"\n";
			showEnvVarsInLog = 0;
		};
		E87B47D0D666A5C5E80FCF87 /* [CP] Check Pods Manifest.lock */ = {
			isa = PBXShellScriptBuildPhase;
			buildActionMask = 2147483647;
			files = (
			);
			inputFileListPaths = (
			);
			inputPaths = (
				"${PODS_PODFILE_DIR_PATH}/Podfile.lock",
				"${PODS_ROOT}/Manifest.lock",
			);
			name = "[CP] Check Pods Manifest.lock";
			outputFileListPaths = (
			);
			outputPaths = (
				"$(DERIVED_FILE_DIR)/Pods-AnimojiStudio-checkManifestLockResult.txt",
			);
			runOnlyForDeploymentPostprocessing = 0;
			shellPath = /bin/sh;
			shellScript = "diff \"${PODS_PODFILE_DIR_PATH}/Podfile.lock\" \"${PODS_ROOT}/Manifest.lock\" > /dev/null\nif [ $? != 0 ] ; then\n    # print error to STDERR\n    echo \"error: The sandbox is not in sync with the Podfile.lock. Run 'pod install' or update your CocoaPods installation.\" >&2\n    exit 1\nfi\n# This output is used by Xcode 'outputs' to avoid re-running this script phase.\necho \"SUCCESS\" > \"${SCRIPT_OUTPUT_FILE_0}\"\n";
			showEnvVarsInLog = 0;
		};
/* End PBXShellScriptBuildPhase section */

/* Begin PBXSourcesBuildPhase section */
		DDDBBBE21FB7917F00291D45 /* Sources */ = {
			isa = PBXSourcesBuildPhase;
			buildActionMask = 2147483647;
			files = (
				36CF7AFD263E607400A76E6E /* FirestoreUserService.swift in Sources */,
				36DDFD6A2631459100A2A8F7 /* SignUpViewController.swift in Sources */,
				DDDBBBEE1FB7918000291D45 /* ErrorViewController.m in Sources */,
				DDF87E3C1FBCE63A00F1A24C /* RecordingSettingsViewController.m in Sources */,
				DDCE6CAD1FB8DAB8000EAE11 /* VideoPreviewViewController.m in Sources */,
				36BB0216262FEE9200C0F926 /* InitialViewController.swift in Sources */,
				DDA31AD8212709170058B989 /* BigButton.m in Sources */,
				DDA31ADB212718760058B989 /* MemojiSelectionViewController.m in Sources */,
				DD7135DD1FBB99E900AAA5E7 /* ColorSheetPresentationController.m in Sources */,
				DDDBBC081FB797DA00291D45 /* RecordingFlowController.m in Sources */,
				36DDFD7C26316BCF00A2A8F7 /* UIImageGifExtension.swift in Sources */,
				3639CF7B2633CEE7002569DB /* FirebaseAuthService.swift in Sources */,
				36CF7AF5263E55E600A76E6E /* NavigationBarHide.swift in Sources */,
				DDCE6CA61FB8C615000EAE11 /* RecordingStatusViewController.m in Sources */,
				DDDBBC181FB79C4D00291D45 /* PuppetCollectionViewCell.m in Sources */,
				DDDBBBF91FB7918000291D45 /* main.m in Sources */,
				36CF7B06263F20F100A76E6E /* HideKeyboardOnScreenTapViewController.swift in Sources */,
				DDDBBC1E1FB7A73300291D45 /* ASPuppetView.m in Sources */,
				DD7135ED1FBBE62900AAA5E7 /* KaraokeFlowController.m in Sources */,
				DDCE6C9F1FB87117000EAE11 /* RecordingCoordinator.m in Sources */,
				36CF7B00263E877E00A76E6E /* UserInfoViewController.swift in Sources */,
				DD7135F01FBBE68300AAA5E7 /* SpotifySearchViewController.m in Sources */,
				DDDBBC0E1FB798C100291D45 /* UIViewController+Children.m in Sources */,
				DDA31AD3212707910058B989 /* WelcomeViewController.m in Sources */,
				36CF7B0D263F29F100A76E6E /* CanShowErrorProtocol1.swift in Sources */,
				36D2386D2640B45E0070DFCD /* MainTabBarViewController.swift in Sources */,
				DD7135DE1FBB99E900AAA5E7 /* ColorSheetViewController.m in Sources */,
				DDCE6CAA1FB8D9EF000EAE11 /* SharingFlowController.m in Sources */,
				36BB0204262FEA9300C0F926 /* AppDelegate.swift in Sources */,
				DDA31AD0212703B80058B989 /* AvatarSelectionFlowController.m in Sources */,
				DDF9BB6221263E2800F19D2E /* MemojiSupport.m in Sources */,
				360720F9262E57BE0080B767 /* ARViewController.swift in Sources */,
				DDDBBBEB1FB7917F00291D45 /* AppDelegate.m in Sources */,
				36CF7B14263F434E00A76E6E /* LoadingViewController.swift in Sources */,
				DDDBBC0B1FB7987A00291D45 /* PuppetSelectionViewController.m in Sources */,
				DD7135E91FBBDACD00AAA5E7 /* SpotifyCoordinator.m in Sources */,
				36D2387E2640CA0A0070DFCD /* FirestoreVideoUploadServicee.swift in Sources */,
				DDDBBC111FB79A8F00291D45 /* ASAppearance.m in Sources */,
				DD7135F31FBC86D800AAA5E7 /* SongTableViewCell.m in Sources */,
				36AB67742632987B00CF072D /* MapViewController.swift in Sources */,
				36D238702640BA040070DFCD /* UITabBarTransparentExtension.swift in Sources */,
				36D238752640BD3A0070DFCD /* LeaveMessageViewController.swift in Sources */,
				DD1D03BC1FBB0AB2006A47A6 /* ARConfiguration+Overrides.m in Sources */,
				DDDBBC1B1FB7A28D00291D45 /* RecordingViewController.m in Sources */,
				DD7135AF1FBB86E800AAA5E7 /* ASColorWell.m in Sources */,
				36D238882641107F0070DFCD /* Message.swift in Sources */,
				36CF7B0A263F297500A76E6E /* ShowsErrorHideKeyboardGIFBackgroundViewController.swift in Sources */,
				36DDFD842631732900A2A8F7 /* GifBackgroundViewController.swift in Sources */,
			);
			runOnlyForDeploymentPostprocessing = 0;
		};
/* End PBXSourcesBuildPhase section */

/* Begin XCBuildConfiguration section */
		DDDBBBFA1FB7918000291D45 /* Debug */ = {
			isa = XCBuildConfiguration;
			buildSettings = {
				ALWAYS_SEARCH_USER_PATHS = NO;
				CLANG_ANALYZER_NONNULL = YES;
				CLANG_ANALYZER_NUMBER_OBJECT_CONVERSION = YES_AGGRESSIVE;
				CLANG_CXX_LANGUAGE_STANDARD = "gnu++14";
				CLANG_CXX_LIBRARY = "libc++";
				CLANG_ENABLE_MODULES = YES;
				CLANG_ENABLE_OBJC_ARC = YES;
				CLANG_WARN_BLOCK_CAPTURE_AUTORELEASING = YES;
				CLANG_WARN_BOOL_CONVERSION = YES;
				CLANG_WARN_COMMA = YES;
				CLANG_WARN_CONSTANT_CONVERSION = YES;
				CLANG_WARN_DEPRECATED_OBJC_IMPLEMENTATIONS = YES;
				CLANG_WARN_DIRECT_OBJC_ISA_USAGE = YES_ERROR;
				CLANG_WARN_DOCUMENTATION_COMMENTS = YES;
				CLANG_WARN_EMPTY_BODY = YES;
				CLANG_WARN_ENUM_CONVERSION = YES;
				CLANG_WARN_INFINITE_RECURSION = YES;
				CLANG_WARN_INT_CONVERSION = YES;
				CLANG_WARN_NON_LITERAL_NULL_CONVERSION = YES;
				CLANG_WARN_OBJC_IMPLICIT_RETAIN_SELF = YES;
				CLANG_WARN_OBJC_LITERAL_CONVERSION = YES;
				CLANG_WARN_OBJC_ROOT_CLASS = YES_ERROR;
				CLANG_WARN_RANGE_LOOP_ANALYSIS = YES;
				CLANG_WARN_STRICT_PROTOTYPES = YES;
				CLANG_WARN_SUSPICIOUS_MOVE = YES;
				CLANG_WARN_UNGUARDED_AVAILABILITY = YES_AGGRESSIVE;
				CLANG_WARN_UNREACHABLE_CODE = YES;
				CLANG_WARN__DUPLICATE_METHOD_MATCH = YES;
				CODE_SIGN_IDENTITY = "iPhone Developer";
				COPY_PHASE_STRIP = NO;
				DEBUG_INFORMATION_FORMAT = dwarf;
				ENABLE_STRICT_OBJC_MSGSEND = YES;
				ENABLE_TESTABILITY = YES;
				GCC_C_LANGUAGE_STANDARD = gnu11;
				GCC_DYNAMIC_NO_PIC = NO;
				GCC_NO_COMMON_BLOCKS = YES;
				GCC_OPTIMIZATION_LEVEL = 0;
				GCC_PREPROCESSOR_DEFINITIONS = (
					"DEBUG=1",
					"$(inherited)",
				);
				GCC_WARN_64_TO_32_BIT_CONVERSION = YES;
				GCC_WARN_ABOUT_RETURN_TYPE = YES_ERROR;
				GCC_WARN_UNDECLARED_SELECTOR = YES;
				GCC_WARN_UNINITIALIZED_AUTOS = YES_AGGRESSIVE;
				GCC_WARN_UNUSED_FUNCTION = YES;
				GCC_WARN_UNUSED_VARIABLE = YES;
				IPHONEOS_DEPLOYMENT_TARGET = 11.1;
				MTL_ENABLE_DEBUG_INFO = YES;
				ONLY_ACTIVE_ARCH = YES;
				SDKROOT = iphoneos;
			};
			name = Debug;
		};
		DDDBBBFB1FB7918000291D45 /* Release */ = {
			isa = XCBuildConfiguration;
			buildSettings = {
				ALWAYS_SEARCH_USER_PATHS = NO;
				CLANG_ANALYZER_NONNULL = YES;
				CLANG_ANALYZER_NUMBER_OBJECT_CONVERSION = YES_AGGRESSIVE;
				CLANG_CXX_LANGUAGE_STANDARD = "gnu++14";
				CLANG_CXX_LIBRARY = "libc++";
				CLANG_ENABLE_MODULES = YES;
				CLANG_ENABLE_OBJC_ARC = YES;
				CLANG_WARN_BLOCK_CAPTURE_AUTORELEASING = YES;
				CLANG_WARN_BOOL_CONVERSION = YES;
				CLANG_WARN_COMMA = YES;
				CLANG_WARN_CONSTANT_CONVERSION = YES;
				CLANG_WARN_DEPRECATED_OBJC_IMPLEMENTATIONS = YES;
				CLANG_WARN_DIRECT_OBJC_ISA_USAGE = YES_ERROR;
				CLANG_WARN_DOCUMENTATION_COMMENTS = YES;
				CLANG_WARN_EMPTY_BODY = YES;
				CLANG_WARN_ENUM_CONVERSION = YES;
				CLANG_WARN_INFINITE_RECURSION = YES;
				CLANG_WARN_INT_CONVERSION = YES;
				CLANG_WARN_NON_LITERAL_NULL_CONVERSION = YES;
				CLANG_WARN_OBJC_IMPLICIT_RETAIN_SELF = YES;
				CLANG_WARN_OBJC_LITERAL_CONVERSION = YES;
				CLANG_WARN_OBJC_ROOT_CLASS = YES_ERROR;
				CLANG_WARN_RANGE_LOOP_ANALYSIS = YES;
				CLANG_WARN_STRICT_PROTOTYPES = YES;
				CLANG_WARN_SUSPICIOUS_MOVE = YES;
				CLANG_WARN_UNGUARDED_AVAILABILITY = YES_AGGRESSIVE;
				CLANG_WARN_UNREACHABLE_CODE = YES;
				CLANG_WARN__DUPLICATE_METHOD_MATCH = YES;
				CODE_SIGN_IDENTITY = "iPhone Developer";
				COPY_PHASE_STRIP = NO;
				DEBUG_INFORMATION_FORMAT = "dwarf-with-dsym";
				ENABLE_NS_ASSERTIONS = NO;
				ENABLE_STRICT_OBJC_MSGSEND = YES;
				GCC_C_LANGUAGE_STANDARD = gnu11;
				GCC_NO_COMMON_BLOCKS = YES;
				GCC_WARN_64_TO_32_BIT_CONVERSION = YES;
				GCC_WARN_ABOUT_RETURN_TYPE = YES_ERROR;
				GCC_WARN_UNDECLARED_SELECTOR = YES;
				GCC_WARN_UNINITIALIZED_AUTOS = YES_AGGRESSIVE;
				GCC_WARN_UNUSED_FUNCTION = YES;
				GCC_WARN_UNUSED_VARIABLE = YES;
				IPHONEOS_DEPLOYMENT_TARGET = 11.1;
				MTL_ENABLE_DEBUG_INFO = NO;
				SDKROOT = iphoneos;
				VALIDATE_PRODUCT = YES;
			};
			name = Release;
		};
		DDDBBBFD1FB7918000291D45 /* Debug */ = {
			isa = XCBuildConfiguration;
			baseConfigurationReference = 7210ACD506C2E9E66D160F5B /* Pods-AnimojiStudio.debug.xcconfig */;
			buildSettings = {
				ALWAYS_EMBED_SWIFT_STANDARD_LIBRARIES = YES;
				ASSETCATALOG_COMPILER_APPICON_NAME = AppIcon;
				CLANG_ENABLE_MODULES = YES;
				CODE_SIGN_ENTITLEMENTS = AnimojiStudio/AnimojiStudio.entitlements;
				CODE_SIGN_IDENTITY = "Apple Development";
				CODE_SIGN_STYLE = Automatic;
				DEFINES_MODULE = YES;
				DEVELOPMENT_TEAM = FMDJTXM4W7;
				FRAMEWORK_SEARCH_PATHS = (
					"$(inherited)",
					"$(PROJECT_DIR)/AnimojiStudio/AvatarKit",
					"$(PROJECT_DIR)",
				);
				INFOPLIST_FILE = "$(SRCROOT)/AnimojiStudio/Resources/Info.plist";
				IPHONEOS_DEPLOYMENT_TARGET = 13.0;
				LD_RUNPATH_SEARCH_PATHS = (
					"$(inherited)",
					"@executable_path/Frameworks",
				);
				OTHER_LDFLAGS = "-ObjC";
				PRODUCT_BUNDLE_IDENTIFIER = snehal.fun.animoji;
				PRODUCT_NAME = "$(TARGET_NAME)";
				PROVISIONING_PROFILE_SPECIFIER = "";
				SWIFT_OBJC_BRIDGING_HEADER = "AnimojiStudio/2nd app stuff/AnimojiStudio-Bridging-Header.h";
				SWIFT_OPTIMIZATION_LEVEL = "-Onone";
				SWIFT_VERSION = 5.0;
				SYSTEM_FRAMEWORK_SEARCH_PATHS = "";
				TARGETED_DEVICE_FAMILY = "1,2";
			};
			name = Debug;
		};
		DDDBBBFE1FB7918000291D45 /* Release */ = {
			isa = XCBuildConfiguration;
			baseConfigurationReference = AE719A62016780E889053C6A /* Pods-AnimojiStudio.release.xcconfig */;
			buildSettings = {
				ALWAYS_EMBED_SWIFT_STANDARD_LIBRARIES = YES;
				ASSETCATALOG_COMPILER_APPICON_NAME = AppIcon;
				CLANG_ENABLE_MODULES = YES;
				CODE_SIGN_ENTITLEMENTS = AnimojiStudio/AnimojiStudio.entitlements;
				CODE_SIGN_IDENTITY = "Apple Development";
				"CODE_SIGN_IDENTITY[sdk=iphoneos*]" = "iPhone Distribution";
				CODE_SIGN_STYLE = Automatic;
				DEFINES_MODULE = YES;
				DEVELOPMENT_TEAM = FMDJTXM4W7;
				FRAMEWORK_SEARCH_PATHS = (
					"$(inherited)",
					"$(PROJECT_DIR)/AnimojiStudio/AvatarKit",
					"$(PROJECT_DIR)",
				);
				INFOPLIST_FILE = "$(SRCROOT)/AnimojiStudio/Resources/Info.plist";
				IPHONEOS_DEPLOYMENT_TARGET = 13.0;
				LD_RUNPATH_SEARCH_PATHS = (
					"$(inherited)",
					"@executable_path/Frameworks",
				);
				OTHER_LDFLAGS = "-ObjC";
				PRODUCT_BUNDLE_IDENTIFIER = snehal.fun.animoji;
				PRODUCT_NAME = "$(TARGET_NAME)";
				PROVISIONING_PROFILE_SPECIFIER = "";
				SWIFT_OBJC_BRIDGING_HEADER = "AnimojiStudio/2nd app stuff/AnimojiStudio-Bridging-Header.h";
				SWIFT_VERSION = 5.0;
				SYSTEM_FRAMEWORK_SEARCH_PATHS = "";
				TARGETED_DEVICE_FAMILY = "1,2";
			};
			name = Release;
		};
/* End XCBuildConfiguration section */

/* Begin XCConfigurationList section */
		DDDBBBE11FB7917F00291D45 /* Build configuration list for PBXProject "AnimojiStudio" */ = {
			isa = XCConfigurationList;
			buildConfigurations = (
				DDDBBBFA1FB7918000291D45 /* Debug */,
				DDDBBBFB1FB7918000291D45 /* Release */,
			);
			defaultConfigurationIsVisible = 0;
			defaultConfigurationName = Release;
		};
		DDDBBBFC1FB7918000291D45 /* Build configuration list for PBXNativeTarget "AnimojiStudio" */ = {
			isa = XCConfigurationList;
			buildConfigurations = (
				DDDBBBFD1FB7918000291D45 /* Debug */,
				DDDBBBFE1FB7918000291D45 /* Release */,
			);
			defaultConfigurationIsVisible = 0;
			defaultConfigurationName = Release;
		};
/* End XCConfigurationList section */

/* Begin XCRemoteSwiftPackageReference section */
		3639CF702633BF90002569DB /* RemoteSwiftPackageReference */ = {
			isa = XCRemoteSwiftPackageReference;
			repositoryURL = "https://github.com/firebase/firebase-ios-sdk.git";
			requirement = {
				kind = upToNextMajorVersion;
				minimumVersion = 7.11.0;
			};
		};
/* End XCRemoteSwiftPackageReference section */

/* Begin XCSwiftPackageProductDependency section */
		3639CF712633BF90002569DB /* SwiftPackageProductDependency */ = {
			isa = XCSwiftPackageProductDependency;
			package = 3639CF702633BF90002569DB /* RemoteSwiftPackageReference */;
			productName = FirebaseAuth;
		};
		3639CF732633BF90002569DB /* SwiftPackageProductDependency */ = {
			isa = XCSwiftPackageProductDependency;
			package = 3639CF702633BF90002569DB /* RemoteSwiftPackageReference */;
			productName = FirebaseFirestore;
		};
		3639CF752633BF90002569DB /* SwiftPackageProductDependency */ = {
			isa = XCSwiftPackageProductDependency;
			package = 3639CF702633BF90002569DB /* RemoteSwiftPackageReference */;
			productName = FirebaseStorage;
		};
/* End XCSwiftPackageProductDependency section */
	};
	rootObject = DDDBBBDE1FB7917F00291D45 /* Project object */;
}
