PODS:
  - CodableFirebase (0.2.1)
  - PINCache (3.0.3):
    - PINCache/Arc-exception-safe (= 3.0.3)
    - PINCache/Core (= 3.0.3)
  - PINCache/Arc-exception-safe (3.0.3):
    - PINCache/Core
  - PINCache/Core (3.0.3):
    - PINOperation (~> 1.2.1)
  - PINOperation (1.2.1)
  - SnapSDK/SCSDKBitmojiKit (1.9.0):
    - PINCache (< 3.1, >= 2.3)
    - PINOperation (~> 1.2.1)
    - SnapSDK/SCSDKCoreKit
  - SnapSDK/SCSDKCoreKit (1.9.0)
  - SnapSDK/SCSDKLoginKit (1.9.0):
    - SnapSDK/SCSDKCoreKit

DEPENDENCIES:
  - CodableFirebase
  - SnapSDK/SCSDKBitmojiKit
  - SnapSDK/SCSDKLoginKit

SPEC REPOS:
  trunk:
    - CodableFirebase
    - PINCache
    - PINOperation
    - SnapSDK

SPEC CHECKSUMS:
  CodableFirebase: 0bf201991eeec35eb9fcd987d271ea463cf34a80
  PINCache: 7a8fc1a691173d21dbddbf86cd515de6efa55086
  PINOperation: 00c935935f1e8cf0d1e2d6b542e75b88fc3e5e20
  SnapSDK: ac7836cec8c3a380cff4646a1177ea1d753cfb8c

PODFILE CHECKSUM: 72a70b750c70cc38573c002d3cd684be8733dc62

COCOAPODS: 1.10.1
